
Microsoft Visual Studio Solution File, Format Version 12.00
# Visual Studio 2012
Project("{FAE04EC0-301F-11D3-BF4B-00C04F79EFBC}") = "422BankApplicationSharp", "422BankApplicationSharp.csproj", "{18D35AE7-CDAC-4C7B-84E7-F7C6D72D41F5}"
EndProject
Global
	GlobalSection(SolutionConfigurationPlatforms) = preSolution
		Debug|Any CPU = Debug|Any CPU
		Release|Any CPU = Release|Any CPU
	EndGlobalSection
	GlobalSection(ProjectConfigurationPlatforms) = postSolution
		{18D35AE7-CDAC-4C7B-84E7-F7C6D72D41F5}.Debug|Any CPU.ActiveCfg = Debug|Any CPU
		{18D35AE7-CDAC-4C7B-84E7-F7C6D72D41F5}.Debug|Any CPU.Build.0 = Debug|Any CPU
		{18D35AE7-CDAC-4C7B-84E7-F7C6D72D41F5}.Release|Any CPU.ActiveCfg = Release|Any CPU
		{18D35AE7-CDAC-4C7B-84E7-F7C6D72D41F5}.Release|Any CPU.Build.0 = Release|Any CPU
	EndGlobalSection
	GlobalSection(SolutionProperties) = preSolution
		HideSolutionNode = FALSE
	EndGlobalSection
EndGlobal
